
Microsoft Visual Studio Solution File, Format Version 12.00
# Visual Studio Version 17
VisualStudioVersion = 17.8.34601.278
MinimumVisualStudioVersion = 10.0.40219.1
Project("{2150E333-8FDC-42A3-9474-1A3956D46DE8}") = "src", "src", "{FD74545A-1E99-4AB3-821E-1645AFB4DD02}"
EndProject
Project("{2150E333-8FDC-42A3-9474-1A3956D46DE8}") = "API", "API", "{23AE2578-51A9-47C8-AC4C-11A3CF1FD7CD}"
EndProject
Project("{2150E333-8FDC-42A3-9474-1A3956D46DE8}") = "Core", "Core", "{45DF9638-2DA9-4F8D-A871-28F4469543CB}"
EndProject
Project("{2150E333-8FDC-42A3-9474-1A3956D46DE8}") = "Infrastructure", "Infrastructure", "{72AAC2A5-F22F-4440-8AE4-1F09FCB7D79A}"
EndProject
Project("{2150E333-8FDC-42A3-9474-1A3956D46DE8}") = "Shared", "Shared", "{C4C8A0DE-ECF4-42FB-8F53-6F12B6027ACC}"
EndProject
Project("{2150E333-8FDC-42A3-9474-1A3956D46DE8}") = "MVC", "MVC", "{F63FA8B8-8DA2-4090-BA94-34FC411D5EB8}"
EndProject
Project("{9A19103F-16F7-4668-BE54-9A1E7A4F7556}") = "CRM.Application", "CRM.Application\CRM.Application.csproj", "{5FDEC0B7-C660-4DC3-BA3A-2FE265871337}"
EndProject
Project("{9A19103F-16F7-4668-BE54-9A1E7A4F7556}") = "CRM.Domain", "CRM.Domain\CRM.Domain.csproj", "{6DC2DCAC-17D7-4D30-905F-A701900083B2}"
EndProject
Project("{9A19103F-16F7-4668-BE54-9A1E7A4F7556}") = "CRM.API", "CRM.API\CRM.API.csproj", "{59EF7989-A5B0-4E43-9D2D-B95D52F80152}"
EndProject
Project("{9A19103F-16F7-4668-BE54-9A1E7A4F7556}") = "CRM.Persistence", "CRM.Persistence\CRM.Persistence.csproj", "{5671311D-5A20-4C20-949C-F89751821C84}"
EndProject
Project("{FAE04EC0-301F-11D3-BF4B-00C04F79EFBC}") = "CRM.Shared", "CRM.Shared\CRM.Shared.csproj", "{4C8AE850-9264-4D96-9DF6-5350C316C197}"
EndProject
Global
	GlobalSection(SolutionConfigurationPlatforms) = preSolution
		Debug|Any CPU = Debug|Any CPU
		Release|Any CPU = Release|Any CPU
	EndGlobalSection
	GlobalSection(ProjectConfigurationPlatforms) = postSolution
		{5FDEC0B7-C660-4DC3-BA3A-2FE265871337}.Debug|Any CPU.ActiveCfg = Debug|Any CPU
		{5FDEC0B7-C660-4DC3-BA3A-2FE265871337}.Debug|Any CPU.Build.0 = Debug|Any CPU
		{5FDEC0B7-C660-4DC3-BA3A-2FE265871337}.Release|Any CPU.ActiveCfg = Release|Any CPU
		{5FDEC0B7-C660-4DC3-BA3A-2FE265871337}.Release|Any CPU.Build.0 = Release|Any CPU
		{6DC2DCAC-17D7-4D30-905F-A701900083B2}.Debug|Any CPU.ActiveCfg = Debug|Any CPU
		{6DC2DCAC-17D7-4D30-905F-A701900083B2}.Debug|Any CPU.Build.0 = Debug|Any CPU
		{6DC2DCAC-17D7-4D30-905F-A701900083B2}.Release|Any CPU.ActiveCfg = Release|Any CPU
		{6DC2DCAC-17D7-4D30-905F-A701900083B2}.Release|Any CPU.Build.0 = Release|Any CPU
		{59EF7989-A5B0-4E43-9D2D-B95D52F80152}.Debug|Any CPU.ActiveCfg = Debug|Any CPU
		{59EF7989-A5B0-4E43-9D2D-B95D52F80152}.Debug|Any CPU.Build.0 = Debug|Any CPU
		{59EF7989-A5B0-4E43-9D2D-B95D52F80152}.Release|Any CPU.ActiveCfg = Release|Any CPU
		{59EF7989-A5B0-4E43-9D2D-B95D52F80152}.Release|Any CPU.Build.0 = Release|Any CPU
		{5671311D-5A20-4C20-949C-F89751821C84}.Debug|Any CPU.ActiveCfg = Debug|Any CPU
		{5671311D-5A20-4C20-949C-F89751821C84}.Debug|Any CPU.Build.0 = Debug|Any CPU
		{5671311D-5A20-4C20-949C-F89751821C84}.Release|Any CPU.ActiveCfg = Release|Any CPU
		{5671311D-5A20-4C20-949C-F89751821C84}.Release|Any CPU.Build.0 = Release|Any CPU
		{4C8AE850-9264-4D96-9DF6-5350C316C197}.Debug|Any CPU.ActiveCfg = Debug|Any CPU
		{4C8AE850-9264-4D96-9DF6-5350C316C197}.Debug|Any CPU.Build.0 = Debug|Any CPU
		{4C8AE850-9264-4D96-9DF6-5350C316C197}.Release|Any CPU.ActiveCfg = Release|Any CPU
		{4C8AE850-9264-4D96-9DF6-5350C316C197}.Release|Any CPU.Build.0 = Release|Any CPU
	EndGlobalSection
	GlobalSection(SolutionProperties) = preSolution
		HideSolutionNode = FALSE
	EndGlobalSection
	GlobalSection(NestedProjects) = preSolution
		{23AE2578-51A9-47C8-AC4C-11A3CF1FD7CD} = {FD74545A-1E99-4AB3-821E-1645AFB4DD02}
		{45DF9638-2DA9-4F8D-A871-28F4469543CB} = {FD74545A-1E99-4AB3-821E-1645AFB4DD02}
		{72AAC2A5-F22F-4440-8AE4-1F09FCB7D79A} = {FD74545A-1E99-4AB3-821E-1645AFB4DD02}
		{C4C8A0DE-ECF4-42FB-8F53-6F12B6027ACC} = {FD74545A-1E99-4AB3-821E-1645AFB4DD02}
		{F63FA8B8-8DA2-4090-BA94-34FC411D5EB8} = {FD74545A-1E99-4AB3-821E-1645AFB4DD02}
		{5FDEC0B7-C660-4DC3-BA3A-2FE265871337} = {45DF9638-2DA9-4F8D-A871-28F4469543CB}
		{6DC2DCAC-17D7-4D30-905F-A701900083B2} = {45DF9638-2DA9-4F8D-A871-28F4469543CB}
		{59EF7989-A5B0-4E43-9D2D-B95D52F80152} = {23AE2578-51A9-47C8-AC4C-11A3CF1FD7CD}
		{5671311D-5A20-4C20-949C-F89751821C84} = {72AAC2A5-F22F-4440-8AE4-1F09FCB7D79A}
		{4C8AE850-9264-4D96-9DF6-5350C316C197} = {C4C8A0DE-ECF4-42FB-8F53-6F12B6027ACC}
	EndGlobalSection
	GlobalSection(ExtensibilityGlobals) = postSolution
		SolutionGuid = {98F59EEB-6010-4519-A7FB-83FD080C50FE}
	EndGlobalSection
EndGlobal
